
Microsoft Visual Studio Solution File, Format Version 12.00
# Visual Studio Version 17
VisualStudioVersion = 17.9.34622.214
MinimumVisualStudioVersion = 10.0.40219.1
Project("{FAE04EC0-301F-11D3-BF4B-00C04F79EFBC}") = "QuanLyThuVienSach", "QuanLyThuVienSach.csproj", "{C7D839D1-15ED-4897-9FC1-85CB0D6620CF}"
EndProject
Global
	GlobalSection(SolutionConfigurationPlatforms) = preSolution
		Debug|Any CPU = Debug|Any CPU
		Release|Any CPU = Release|Any CPU
	EndGlobalSection
	GlobalSection(ProjectConfigurationPlatforms) = postSolution
		{C7D839D1-15ED-4897-9FC1-85CB0D6620CF}.Debug|Any CPU.ActiveCfg = Debug|Any CPU
		{C7D839D1-15ED-4897-9FC1-85CB0D6620CF}.Debug|Any CPU.Build.0 = Debug|Any CPU
		{C7D839D1-15ED-4897-9FC1-85CB0D6620CF}.Release|Any CPU.ActiveCfg = Release|Any CPU
		{C7D839D1-15ED-4897-9FC1-85CB0D6620CF}.Release|Any CPU.Build.0 = Release|Any CPU
	EndGlobalSection
	GlobalSection(SolutionProperties) = preSolution
		HideSolutionNode = FALSE
	EndGlobalSection
	GlobalSection(ExtensibilityGlobals) = postSolution
		SolutionGuid = {3F499963-1616-411B-BEE9-7A8D59476125}
	EndGlobalSection
EndGlobal
